
Microsoft Visual Studio Solution File, Format Version 12.00
# Visual Studio Version 17
VisualStudioVersion = 17.14.36511.14 d17.14
MinimumVisualStudioVersion = 10.0.40219.1
Project("{FAE04EC0-301F-11D3-BF4B-00C04F79EFBC}") = "GestionPeliculas", "GestionPeliculas\GestionPeliculas.csproj", "{32B75373-AAB7-4A4E-8D6E-3536D07B28D1}"
EndProject
Global
	GlobalSection(SolutionConfigurationPlatforms) = preSolution
		Debug|Any CPU = Debug|Any CPU
		Release|Any CPU = Release|Any CPU
	EndGlobalSection
	GlobalSection(ProjectConfigurationPlatforms) = postSolution
		{32B75373-AAB7-4A4E-8D6E-3536D07B28D1}.Debug|Any CPU.ActiveCfg = Debug|Any CPU
		{32B75373-AAB7-4A4E-8D6E-3536D07B28D1}.Debug|Any CPU.Build.0 = Debug|Any CPU
		{32B75373-AAB7-4A4E-8D6E-3536D07B28D1}.Release|Any CPU.ActiveCfg = Release|Any CPU
		{32B75373-AAB7-4A4E-8D6E-3536D07B28D1}.Release|Any CPU.Build.0 = Release|Any CPU
	EndGlobalSection
	GlobalSection(SolutionProperties) = preSolution
		HideSolutionNode = FALSE
	EndGlobalSection
	GlobalSection(ExtensibilityGlobals) = postSolution
		SolutionGuid = {F72E4E19-0825-438C-8A23-66F35AC70D52}
	EndGlobalSection
EndGlobal
